// !$*UTF8*$!
{
	archiveVersion = 1;
	classes = {
	};
	objectVersion = 56;
	objects = {

/* Begin PBXBuildFile section */
		84DE3D1A2942192E00199C48 /* AppDelegate.swift in Sources */ = {isa = PBXBuildFile; fileRef = 84DE3D192942192E00199C48 /* AppDelegate.swift */; };
		84DE3D1C2942192E00199C48 /* SceneDelegate.swift in Sources */ = {isa = PBXBuildFile; fileRef = 84DE3D1B2942192E00199C48 /* SceneDelegate.swift */; };
		84DE3D1E2942192E00199C48 /* ViewController.swift in Sources */ = {isa = PBXBuildFile; fileRef = 84DE3D1D2942192E00199C48 /* ViewController.swift */; };
		84DE3D212942192E00199C48 /* Main.storyboard in Resources */ = {isa = PBXBuildFile; fileRef = 84DE3D1F2942192E00199C48 /* Main.storyboard */; };
		84DE3D232942193100199C48 /* Assets.xcassets in Resources */ = {isa = PBXBuildFile; fileRef = 84DE3D222942193100199C48 /* Assets.xcassets */; };
		84DE3D262942193100199C48 /* LaunchScreen.storyboard in Resources */ = {isa = PBXBuildFile; fileRef = 84DE3D242942193100199C48 /* LaunchScreen.storyboard */; };
		84DE3D312942193100199C48 /* CommandTests.swift in Sources */ = {isa = PBXBuildFile; fileRef = 84DE3D302942193100199C48 /* CommandTests.swift */; };
		84DE3D3B2942193100199C48 /* CommandUITests.swift in Sources */ = {isa = PBXBuildFile; fileRef = 84DE3D3A2942193100199C48 /* CommandUITests.swift */; };
		84DE3D3D2942193100199C48 /* CommandUITestsLaunchTests.swift in Sources */ = {isa = PBXBuildFile; fileRef = 84DE3D3C2942193100199C48 /* CommandUITestsLaunchTests.swift */; };
/* End PBXBuildFile section */

/* Begin PBXContainerItemProxy section */
		84DE3D2D2942193100199C48 /* PBXContainerItemProxy */ = {
			isa = PBXContainerItemProxy;
			containerPortal = 84DE3D0E2942192E00199C48 /* Project object */;
			proxyType = 1;
			remoteGlobalIDString = 84DE3D152942192E00199C48;
			remoteInfo = Command;
		};
		84DE3D372942193100199C48 /* PBXContainerItemProxy */ = {
			isa = PBXContainerItemProxy;
			containerPortal = 84DE3D0E2942192E00199C48 /* Project object */;
			proxyType = 1;
			remoteGlobalIDString = 84DE3D152942192E00199C48;
			remoteInfo = Command;
		};
/* End PBXContainerItemProxy section */

/* Begin PBXFileReference section */
		84DE3D162942192E00199C48 /* Command.app */ = {isa = PBXFileReference; explicitFileType = wrapper.application; includeInIndex = 0; path = Command.app; sourceTree = BUILT_PRODUCTS_DIR; };
		84DE3D192942192E00199C48 /* AppDelegate.swift */ = {isa = PBXFileReference; lastKnownFileType = sourcecode.swift; path = AppDelegate.swift; sourceTree = "<group>"; };
		84DE3D1B2942192E00199C48 /* SceneDelegate.swift */ = {isa = PBXFileReference; lastKnownFileType = sourcecode.swift; path = SceneDelegate.swift; sourceTree = "<group>"; };
		84DE3D1D2942192E00199C48 /* ViewController.swift */ = {isa = PBXFileReference; lastKnownFileType = sourcecode.swift; path = ViewController.swift; sourceTree = "<group>"; };
		84DE3D202942192E00199C48 /* Base */ = {isa = PBXFileReference; lastKnownFileType = file.storyboard; name = Base; path = Base.lproj/Main.storyboard; sourceTree = "<group>"; };
		84DE3D222942193100199C48 /* Assets.xcassets */ = {isa = PBXFileReference; lastKnownFileType = folder.assetcatalog; path = Assets.xcassets; sourceTree = "<group>"; };
		84DE3D252942193100199C48 /* Base */ = {isa = PBXFileReference; lastKnownFileType = file.storyboard; name = Base; path = Base.lproj/LaunchScreen.storyboard; sourceTree = "<group>"; };
		84DE3D272942193100199C48 /* Info.plist */ = {isa = PBXFileReference; lastKnownFileType = text.plist.xml; path = Info.plist; sourceTree = "<group>"; };
		84DE3D2C2942193100199C48 /* CommandTests.xctest */ = {isa = PBXFileReference; explicitFileType = wrapper.cfbundle; includeInIndex = 0; path = CommandTests.xctest; sourceTree = BUILT_PRODUCTS_DIR; };
		84DE3D302942193100199C48 /* CommandTests.swift */ = {isa = PBXFileReference; lastKnownFileType = sourcecode.swift; path = CommandTests.swift; sourceTree = "<group>"; };
		84DE3D362942193100199C48 /* CommandUITests.xctest */ = {isa = PBXFileReference; explicitFileType = wrapper.cfbundle; includeInIndex = 0; path = CommandUITests.xctest; sourceTree = BUILT_PRODUCTS_DIR; };
		84DE3D3A2942193100199C48 /* CommandUITests.swift */ = {isa = PBXFileReference; lastKnownFileType = sourcecode.swift; path = CommandUITests.swift; sourceTree = "<group>"; };
		84DE3D3C2942193100199C48 /* CommandUITestsLaunchTests.swift */ = {isa = PBXFileReference; lastKnownFileType = sourcecode.swift; path = CommandUITestsLaunchTests.swift; sourceTree = "<group>"; };
/* End PBXFileReference section */

/* Begin PBXFrameworksBuildPhase section */
		84DE3D132942192E00199C48 /* Frameworks */ = {
			isa = PBXFrameworksBuildPhase;
			buildActionMask = 2147483647;
			files = (
			);
			runOnlyForDeploymentPostprocessing = 0;
		};
		84DE3D292942193100199C48 /* Frameworks */ = {
			isa = PBXFrameworksBuildPhase;
			buildActionMask = 2147483647;
			files = (
			);
			runOnlyForDeploymentPostprocessing = 0;
		};
		84DE3D332942193100199C48 /* Frameworks */ = {
			isa = PBXFrameworksBuildPhase;
			buildActionMask = 2147483647;
			files = (
			);
			runOnlyForDeploymentPostprocessing = 0;
		};
/* End PBXFrameworksBuildPhase section */

/* Begin PBXGroup section */
		84DE3D0D2942192E00199C48 = {
			isa = PBXGroup;
			children = (
				84DE3D182942192E00199C48 /* Command */,
				84DE3D2F2942193100199C48 /* CommandTests */,
				84DE3D392942193100199C48 /* CommandUITests */,
				84DE3D172942192E00199C48 /* Products */,
			);
			sourceTree = "<group>";
		};
		84DE3D172942192E00199C48 /* Products */ = {
			isa = PBXGroup;
			children = (
				84DE3D162942192E00199C48 /* Command.app */,
				84DE3D2C2942193100199C48 /* CommandTests.xctest */,
				84DE3D362942193100199C48 /* CommandUITests.xctest */,
			);
			name = Products;
			sourceTree = "<group>";
		};
		84DE3D182942192E00199C48 /* Command */ = {
			isa = PBXGroup;
			children = (
				84DE3D192942192E00199C48 /* AppDelegate.swift */,
				84DE3D1B2942192E00199C48 /* SceneDelegate.swift */,
				84DE3D1D2942192E00199C48 /* ViewController.swift */,
				84DE3D1F2942192E00199C48 /* Main.storyboard */,
				84DE3D222942193100199C48 /* Assets.xcassets */,
				84DE3D242942193100199C48 /* LaunchScreen.storyboard */,
				84DE3D272942193100199C48 /* Info.plist */,
			);
			path = Command;
			sourceTree = "<group>";
		};
		84DE3D2F2942193100199C48 /* CommandTests */ = {
			isa = PBXGroup;
			children = (
				84DE3D302942193100199C48 /* CommandTests.swift */,
			);
			path = CommandTests;
			sourceTree = "<group>";
		};
		84DE3D392942193100199C48 /* CommandUITests */ = {
			isa = PBXGroup;
			children = (
				84DE3D3A2942193100199C48 /* CommandUITests.swift */,
				84DE3D3C2942193100199C48 /* CommandUITestsLaunchTests.swift */,
			);
			path = CommandUITests;
			sourceTree = "<group>";
		};
/* End PBXGroup section */

/* Begin PBXNativeTarget section */
		84DE3D152942192E00199C48 /* Command */ = {
			isa = PBXNativeTarget;
			buildConfigurationList = 84DE3D402942193100199C48 /* Build configuration list for PBXNativeTarget "Command" */;
			buildPhases = (
				84DE3D122942192E00199C48 /* Sources */,
				84DE3D132942192E00199C48 /* Frameworks */,
				84DE3D142942192E00199C48 /* Resources */,
			);
			buildRules = (
			);
			dependencies = (
			);
			name = Command;
			productName = Command;
			productReference = 84DE3D162942192E00199C48 /* Command.app */;
			productType = "com.apple.product-type.application";
		};
		84DE3D2B2942193100199C48 /* CommandTests */ = {
			isa = PBXNativeTarget;
			buildConfigurationList = 84DE3D432942193100199C48 /* Build configuration list for PBXNativeTarget "CommandTests" */;
			buildPhases = (
				84DE3D282942193100199C48 /* Sources */,
				84DE3D292942193100199C48 /* Frameworks */,
				84DE3D2A2942193100199C48 /* Resources */,
			);
			buildRules = (
			);
			dependencies = (
				84DE3D2E2942193100199C48 /* PBXTargetDependency */,
			);
			name = CommandTests;
			productName = CommandTests;
			productReference = 84DE3D2C2942193100199C48 /* CommandTests.xctest */;
			productType = "com.apple.product-type.bundle.unit-test";
		};
		84DE3D352942193100199C48 /* CommandUITests */ = {
			isa = PBXNativeTarget;
			buildConfigurationList = 84DE3D462942193100199C48 /* Build configuration list for PBXNativeTarget "CommandUITests" */;
			buildPhases = (
				84DE3D322942193100199C48 /* Sources */,
				84DE3D332942193100199C48 /* Frameworks */,
				84DE3D342942193100199C48 /* Resources */,
			);
			buildRules = (
			);
			dependencies = (
				84DE3D382942193100199C48 /* PBXTargetDependency */,
			);
			name = CommandUITests;
			productName = CommandUITests;
			productReference = 84DE3D362942193100199C48 /* CommandUITests.xctest */;
			productType = "com.apple.product-type.bundle.ui-testing";
		};
/* End PBXNativeTarget section */

/* Begin PBXProject section */
		84DE3D0E2942192E00199C48 /* Project object */ = {
			isa = PBXProject;
			attributes = {
				BuildIndependentTargetsInParallel = 1;
				LastSwiftUpdateCheck = 1400;
				LastUpgradeCheck = 1400;
				TargetAttributes = {
					84DE3D152942192E00199C48 = {
						CreatedOnToolsVersion = 14.0.1;
					};
					84DE3D2B2942193100199C48 = {
						CreatedOnToolsVersion = 14.0.1;
						TestTargetID = 84DE3D152942192E00199C48;
					};
					84DE3D352942193100199C48 = {
						CreatedOnToolsVersion = 14.0.1;
						TestTargetID = 84DE3D152942192E00199C48;
					};
				};
			};
			buildConfigurationList = 84DE3D112942192E00199C48 /* Build configuration list for PBXProject "Command" */;
			compatibilityVersion = "Xcode 14.0";
			developmentRegion = en;
			hasScannedForEncodings = 0;
			knownRegions = (
				en,
				Base,
			);
			mainGroup = 84DE3D0D2942192E00199C48;
			productRefGroup = 84DE3D172942192E00199C48 /* Products */;
			projectDirPath = "";
			projectRoot = "";
			targets = (
				84DE3D152942192E00199C48 /* Command */,
				84DE3D2B2942193100199C48 /* CommandTests */,
				84DE3D352942193100199C48 /* CommandUITests */,
			);
		};
/* End PBXProject section */

/* Begin PBXResourcesBuildPhase section */
		84DE3D142942192E00199C48 /* Resources */ = {
			isa = PBXResourcesBuildPhase;
			buildActionMask = 2147483647;
			files = (
				84DE3D262942193100199C48 /* LaunchScreen.storyboard in Resources */,
				84DE3D232942193100199C48 /* Assets.xcassets in Resources */,
				84DE3D212942192E00199C48 /* Main.storyboard in Resources */,
			);
			runOnlyForDeploymentPostprocessing = 0;
		};
		84DE3D2A2942193100199C48 /* Resources */ = {
			isa = PBXResourcesBuildPhase;
			buildActionMask = 2147483647;
			files = (
			);
			runOnlyForDeploymentPostprocessing = 0;
		};
		84DE3D342942193100199C48 /* Resources */ = {
			isa = PBXResourcesBuildPhase;
			buildActionMask = 2147483647;
			files = (
			);
			runOnlyForDeploymentPostprocessing = 0;
		};
/* End PBXResourcesBuildPhase section */

/* Begin PBXSourcesBuildPhase section */
		84DE3D122942192E00199C48 /* Sources */ = {
			isa = PBXSourcesBuildPhase;
			buildActionMask = 2147483647;
			files = (
				84DE3D1E2942192E00199C48 /* ViewController.swift in Sources */,
				84DE3D1A2942192E00199C48 /* AppDelegate.swift in Sources */,
				84DE3D1C2942192E00199C48 /* SceneDelegate.swift in Sources */,
			);
			runOnlyForDeploymentPostprocessing = 0;
		};
		84DE3D282942193100199C48 /* Sources */ = {
			isa = PBXSourcesBuildPhase;
			buildActionMask = 2147483647;
			files = (
				84DE3D312942193100199C48 /* CommandTests.swift in Sources */,
			);
			runOnlyForDeploymentPostprocessing = 0;
		};
		84DE3D322942193100199C48 /* Sources */ = {
			isa = PBXSourcesBuildPhase;
			buildActionMask = 2147483647;
			files = (
				84DE3D3D2942193100199C48 /* CommandUITestsLaunchTests.swift in Sources */,
				84DE3D3B2942193100199C48 /* CommandUITests.swift in Sources */,
			);
			runOnlyForDeploymentPostprocessing = 0;
		};
/* End PBXSourcesBuildPhase section */

/* Begin PBXTargetDependency section */
		84DE3D2E2942193100199C48 /* PBXTargetDependency */ = {
			isa = PBXTargetDependency;
			target = 84DE3D152942192E00199C48 /* Command */;
			targetProxy = 84DE3D2D2942193100199C48 /* PBXContainerItemProxy */;
		};
		84DE3D382942193100199C48 /* PBXTargetDependency */ = {
			isa = PBXTargetDependency;
			target = 84DE3D152942192E00199C48 /* Command */;
			targetProxy = 84DE3D372942193100199C48 /* PBXContainerItemProxy */;
		};
/* End PBXTargetDependency section */

/* Begin PBXVariantGroup section */
		84DE3D1F2942192E00199C48 /* Main.storyboard */ = {
			isa = PBXVariantGroup;
			children = (
				84DE3D202942192E00199C48 /* Base */,
			);
			name = Main.storyboard;
			sourceTree = "<group>";
		};
		84DE3D242942193100199C48 /* LaunchScreen.storyboard */ = {
			isa = PBXVariantGroup;
			children = (
				84DE3D252942193100199C48 /* Base */,
			);
			name = LaunchScreen.storyboard;
			sourceTree = "<group>";
		};
/* End PBXVariantGroup section */

/* Begin XCBuildConfiguration section */
		84DE3D3E2942193100199C48 /* Debug */ = {
			isa = XCBuildConfiguration;
			buildSettings = {
				ALWAYS_SEARCH_USER_PATHS = NO;
				CLANG_ANALYZER_NONNULL = YES;
				CLANG_ANALYZER_NUMBER_OBJECT_CONVERSION = YES_AGGRESSIVE;
				CLANG_CXX_LANGUAGE_STANDARD = "gnu++20";
				CLANG_ENABLE_MODULES = YES;
				CLANG_ENABLE_OBJC_ARC = YES;
				CLANG_ENABLE_OBJC_WEAK = YES;
				CLANG_WARN_BLOCK_CAPTURE_AUTORELEASING = YES;
				CLANG_WARN_BOOL_CONVERSION = YES;
				CLANG_WARN_COMMA = YES;
				CLANG_WARN_CONSTANT_CONVERSION = YES;
				CLANG_WARN_DEPRECATED_OBJC_IMPLEMENTATIONS = YES;
				CLANG_WARN_DIRECT_OBJC_ISA_USAGE = YES_ERROR;
				CLANG_WARN_DOCUMENTATION_COMMENTS = YES;
				CLANG_WARN_EMPTY_BODY = YES;
				CLANG_WARN_ENUM_CONVERSION = YES;
				CLANG_WARN_INFINITE_RECURSION = YES;
				CLANG_WARN_INT_CONVERSION = YES;
				CLANG_WARN_NON_LITERAL_NULL_CONVERSION = YES;
				CLANG_WARN_OBJC_IMPLICIT_RETAIN_SELF = YES;
				CLANG_WARN_OBJC_LITERAL_CONVERSION = YES;
				CLANG_WARN_OBJC_ROOT_CLASS = YES_ERROR;
				CLANG_WARN_QUOTED_INCLUDE_IN_FRAMEWORK_HEADER = YES;
				CLANG_WARN_RANGE_LOOP_ANALYSIS = YES;
				CLANG_WARN_STRICT_PROTOTYPES = YES;
				CLANG_WARN_SUSPICIOUS_MOVE = YES;
				CLANG_WARN_UNGUARDED_AVAILABILITY = YES_AGGRESSIVE;
				CLANG_WARN_UNREACHABLE_CODE = YES;
				CLANG_WARN__DUPLICATE_METHOD_MATCH = YES;
				COPY_PHASE_STRIP = NO;
				DEBUG_INFORMATION_FORMAT = dwarf;
				ENABLE_STRICT_OBJC_MSGSEND = YES;
				ENABLE_TESTABILITY = YES;
				GCC_C_LANGUAGE_STANDARD = gnu11;
				GCC_DYNAMIC_NO_PIC = NO;
				GCC_NO_COMMON_BLOCKS = YES;
				GCC_OPTIMIZATION_LEVEL = 0;
				GCC_PREPROCESSOR_DEFINITIONS = (
					"DEBUG=1",
					"$(inherited)",
				);
				GCC_WARN_64_TO_32_BIT_CONVERSION = YES;
				GCC_WARN_ABOUT_RETURN_TYPE = YES_ERROR;
				GCC_WARN_UNDECLARED_SELECTOR = YES;
				GCC_WARN_UNINITIALIZED_AUTOS = YES_AGGRESSIVE;
				GCC_WARN_UNUSED_FUNCTION = YES;
				GCC_WARN_UNUSED_VARIABLE = YES;
				IPHONEOS_DEPLOYMENT_TARGET = 16.0;
				MTL_ENABLE_DEBUG_INFO = INCLUDE_SOURCE;
				MTL_FAST_MATH = YES;
				ONLY_ACTIVE_ARCH = YES;
				SDKROOT = iphoneos;
				SWIFT_ACTIVE_COMPILATION_CONDITIONS = DEBUG;
				SWIFT_OPTIMIZATION_LEVEL = "-Onone";
			};
			name = Debug;
		};
		84DE3D3F2942193100199C48 /* Release */ = {
			isa = XCBuildConfiguration;
			buildSettings = {
				ALWAYS_SEARCH_USER_PATHS = NO;
				CLANG_ANALYZER_NONNULL = YES;
				CLANG_ANALYZER_NUMBER_OBJECT_CONVERSION = YES_AGGRESSIVE;
				CLANG_CXX_LANGUAGE_STANDARD = "gnu++20";
				CLANG_ENABLE_MODULES = YES;
				CLANG_ENABLE_OBJC_ARC = YES;
				CLANG_ENABLE_OBJC_WEAK = YES;
				CLANG_WARN_BLOCK_CAPTURE_AUTORELEASING = YES;
				CLANG_WARN_BOOL_CONVERSION = YES;
				CLANG_WARN_COMMA = YES;
				CLANG_WARN_CONSTANT_CONVERSION = YES;
				CLANG_WARN_DEPRECATED_OBJC_IMPLEMENTATIONS = YES;
				CLANG_WARN_DIRECT_OBJC_ISA_USAGE = YES_ERROR;
				CLANG_WARN_DOCUMENTATION_COMMENTS = YES;
				CLANG_WARN_EMPTY_BODY = YES;
				CLANG_WARN_ENUM_CONVERSION = YES;
				CLANG_WARN_INFINITE_RECURSION = YES;
				CLANG_WARN_INT_CONVERSION = YES;
				CLANG_WARN_NON_LITERAL_NULL_CONVERSION = YES;
				CLANG_WARN_OBJC_IMPLICIT_RETAIN_SELF = YES;
				CLANG_WARN_OBJC_LITERAL_CONVERSION = YES;
				CLANG_WARN_OBJC_ROOT_CLASS = YES_ERROR;
				CLANG_WARN_QUOTED_INCLUDE_IN_FRAMEWORK_HEADER = YES;
				CLANG_WARN_RANGE_LOOP_ANALYSIS = YES;
				CLANG_WARN_STRICT_PROTOTYPES = YES;
				CLANG_WARN_SUSPICIOUS_MOVE = YES;
				CLANG_WARN_UNGUARDED_AVAILABILITY = YES_AGGRESSIVE;
				CLANG_WARN_UNREACHABLE_CODE = YES;
				CLANG_WARN__DUPLICATE_METHOD_MATCH = YES;
				COPY_PHASE_STRIP = NO;
				DEBUG_INFORMATION_FORMAT = "dwarf-with-dsym";
				ENABLE_NS_ASSERTIONS = NO;
				ENABLE_STRICT_OBJC_MSGSEND = YES;
				GCC_C_LANGUAGE_STANDARD = gnu11;
				GCC_NO_COMMON_BLOCKS = YES;
				GCC_WARN_64_TO_32_BIT_CONVERSION = YES;
				GCC_WARN_ABOUT_RETURN_TYPE = YES_ERROR;
				GCC_WARN_UNDECLARED_SELECTOR = YES;
				GCC_WARN_UNINITIALIZED_AUTOS = YES_AGGRESSIVE;
				GCC_WARN_UNUSED_FUNCTION = YES;
				GCC_WARN_UNUSED_VARIABLE = YES;
				IPHONEOS_DEPLOYMENT_TARGET = 16.0;
				MTL_ENABLE_DEBUG_INFO = NO;
				MTL_FAST_MATH = YES;
				SDKROOT = iphoneos;
				SWIFT_COMPILATION_MODE = wholemodule;
				SWIFT_OPTIMIZATION_LEVEL = "-O";
				VALIDATE_PRODUCT = YES;
			};
			name = Release;
		};
		84DE3D412942193100199C48 /* Debug */ = {
			isa = XCBuildConfiguration;
			buildSettings = {
				ASSETCATALOG_COMPILER_APPICON_NAME = AppIcon;
				ASSETCATALOG_COMPILER_GLOBAL_ACCENT_COLOR_NAME = AccentColor;
				CODE_SIGN_STYLE = Automatic;
				CURRENT_PROJECT_VERSION = 1;
				DEVELOPMENT_TEAM = N4M3759P9C;
				GENERATE_INFOPLIST_FILE = YES;
				INFOPLIST_FILE = Command/Info.plist;
				INFOPLIST_KEY_UIApplicationSupportsIndirectInputEvents = YES;
				INFOPLIST_KEY_UILaunchStoryboardName = LaunchScreen;
				INFOPLIST_KEY_UIMainStoryboardFile = Main;
				INFOPLIST_KEY_UISupportedInterfaceOrientations_iPad = "UIInterfaceOrientationPortrait UIInterfaceOrientationPortraitUpsideDown UIInterfaceOrientationLandscapeLeft UIInterfaceOrientationLandscapeRight";
				INFOPLIST_KEY_UISupportedInterfaceOrientations_iPhone = "UIInterfaceOrientationPortrait UIInterfaceOrientationLandscapeLeft UIInterfaceOrientationLandscapeRight";
				LD_RUNPATH_SEARCH_PATHS = (
					"$(inherited)",
					"@executable_path/Frameworks",
				);
				MARKETING_VERSION = 1.0;
				PRODUCT_BUNDLE_IDENTIFIER = com.Command;
				PRODUCT_NAME = "$(TARGET_NAME)";
				SWIFT_EMIT_LOC_STRINGS = YES;
				SWIFT_VERSION = 5.0;
				TARGETED_DEVICE_FAMILY = "1,2";
			};
			name = Debug;
		};
		84DE3D422942193100199C48 /* Release */ = {
			isa = XCBuildConfiguration;
			buildSettings = {
				ASSETCATALOG_COMPILER_APPICON_NAME = AppIcon;
				ASSETCATALOG_COMPILER_GLOBAL_ACCENT_COLOR_NAME = AccentColor;
				CODE_SIGN_STYLE = Automatic;
				CURRENT_PROJECT_VERSION = 1;
				DEVELOPMENT_TEAM = N4M3759P9C;
				GENERATE_INFOPLIST_FILE = YES;
				INFOPLIST_FILE = Command/Info.plist;
				INFOPLIST_KEY_UIApplicationSupportsIndirectInputEvents = YES;
				INFOPLIST_KEY_UILaunchStoryboardName = LaunchScreen;
				INFOPLIST_KEY_UIMainStoryboardFile = Main;
				INFOPLIST_KEY_UISupportedInterfaceOrientations_iPad = "UIInterfaceOrientationPortrait UIInterfaceOrientationPortraitUpsideDown UIInterfaceOrientationLandscapeLeft UIInterfaceOrientationLandscapeRight";
				INFOPLIST_KEY_UISupportedInterfaceOrientations_iPhone = "UIInterfaceOrientationPortrait UIInterfaceOrientationLandscapeLeft UIInterfaceOrientationLandscapeRight";
				LD_RUNPATH_SEARCH_PATHS = (
					"$(inherited)",
					"@executable_path/Frameworks",
				);
				MARKETING_VERSION = 1.0;
				PRODUCT_BUNDLE_IDENTIFIER = com.Command;
				PRODUCT_NAME = "$(TARGET_NAME)";
				SWIFT_EMIT_LOC_STRINGS = YES;
				SWIFT_VERSION = 5.0;
				TARGETED_DEVICE_FAMILY = "1,2";
			};
			name = Release;
		};
		84DE3D442942193100199C48 /* Debug */ = {
			isa = XCBuildConfiguration;
			buildSettings = {
				ALWAYS_EMBED_SWIFT_STANDARD_LIBRARIES = YES;
				BUNDLE_LOADER = "$(TEST_HOST)";
				CODE_SIGN_STYLE = Automatic;
				CURRENT_PROJECT_VERSION = 1;
				DEVELOPMENT_TEAM = N4M3759P9C;
				GENERATE_INFOPLIST_FILE = YES;
				IPHONEOS_DEPLOYMENT_TARGET = 16.0;
				MARKETING_VERSION = 1.0;
				PRODUCT_BUNDLE_IDENTIFIER = com.CommandTests;
				PRODUCT_NAME = "$(TARGET_NAME)";
				SWIFT_EMIT_LOC_STRINGS = NO;
				SWIFT_VERSION = 5.0;
				TARGETED_DEVICE_FAMILY = "1,2";
				TEST_HOST = "$(BUILT_PRODUCTS_DIR)/Command.app/$(BUNDLE_EXECUTABLE_FOLDER_PATH)/Command";
			};
			name = Debug;
		};
		84DE3D452942193100199C48 /* Release */ = {
			isa = XCBuildConfiguration;
			buildSettings = {
				ALWAYS_EMBED_SWIFT_STANDARD_LIBRARIES = YES;
				BUNDLE_LOADER = "$(TEST_HOST)";
				CODE_SIGN_STYLE = Automatic;
				CURRENT_PROJECT_VERSION = 1;
				DEVELOPMENT_TEAM = N4M3759P9C;
				GENERATE_INFOPLIST_FILE = YES;
				IPHONEOS_DEPLOYMENT_TARGET = 16.0;
				MARKETING_VERSION = 1.0;
				PRODUCT_BUNDLE_IDENTIFIER = com.CommandTests;
				PRODUCT_NAME = "$(TARGET_NAME)";
				SWIFT_EMIT_LOC_STRINGS = NO;
				SWIFT_VERSION = 5.0;
				TARGETED_DEVICE_FAMILY = "1,2";
				TEST_HOST = "$(BUILT_PRODUCTS_DIR)/Command.app/$(BUNDLE_EXECUTABLE_FOLDER_PATH)/Command";
			};
			name = Release;
		};
		84DE3D472942193100199C48 /* Debug */ = {
			isa = XCBuildConfiguration;
			buildSettings = {
				ALWAYS_EMBED_SWIFT_STANDARD_LIBRARIES = YES;
				CODE_SIGN_STYLE = Automatic;
				CURRENT_PROJECT_VERSION = 1;
				DEVELOPMENT_TEAM = N4M3759P9C;
				GENERATE_INFOPLIST_FILE = YES;
				MARKETING_VERSION = 1.0;
				PRODUCT_BUNDLE_IDENTIFIER = com.CommandUITests;
				PRODUCT_NAME = "$(TARGET_NAME)";
				SWIFT_EMIT_LOC_STRINGS = NO;
				SWIFT_VERSION = 5.0;
				TARGETED_DEVICE_FAMILY = "1,2";
				TEST_TARGET_NAME = Command;
			};
			name = Debug;
		};
		84DE3D482942193100199C48 /* Release */ = {
			isa = XCBuildConfiguration;
			buildSettings = {
				ALWAYS_EMBED_SWIFT_STANDARD_LIBRARIES = YES;
				CODE_SIGN_STYLE = Automatic;
				CURRENT_PROJECT_VERSION = 1;
				DEVELOPMENT_TEAM = N4M3759P9C;
				GENERATE_INFOPLIST_FILE = YES;
				MARKETING_VERSION = 1.0;
				PRODUCT_BUNDLE_IDENTIFIER = com.CommandUITests;
				PRODUCT_NAME = "$(TARGET_NAME)";
				SWIFT_EMIT_LOC_STRINGS = NO;
				SWIFT_VERSION = 5.0;
				TARGETED_DEVICE_FAMILY = "1,2";
				TEST_TARGET_NAME = Command;
			};
			name = Release;
		};
/* End XCBuildConfiguration section */

/* Begin XCConfigurationList section */
		84DE3D112942192E00199C48 /* Build configuration list for PBXProject "Command" */ = {
			isa = XCConfigurationList;
			buildConfigurations = (
				84DE3D3E2942193100199C48 /* Debug */,
				84DE3D3F2942193100199C48 /* Release */,
			);
			defaultConfigurationIsVisible = 0;
			defaultConfigurationName = Release;
		};
		84DE3D402942193100199C48 /* Build configuration list for PBXNativeTarget "Command" */ = {
			isa = XCConfigurationList;
			buildConfigurations = (
				84DE3D412942193100199C48 /* Debug */,
				84DE3D422942193100199C48 /* Release */,
			);
			defaultConfigurationIsVisible = 0;
			defaultConfigurationName = Release;
		};
		84DE3D432942193100199C48 /* Build configuration list for PBXNativeTarget "CommandTests" */ = {
			isa = XCConfigurationList;
			buildConfigurations = (
				84DE3D442942193100199C48 /* Debug */,
				84DE3D452942193100199C48 /* Release */,
			);
			defaultConfigurationIsVisible = 0;
			defaultConfigurationName = Release;
		};
		84DE3D462942193100199C48 /* Build configuration list for PBXNativeTarget "CommandUITests" */ = {
			isa = XCConfigurationList;
			buildConfigurations = (
				84DE3D472942193100199C48 /* Debug */,
				84DE3D482942193100199C48 /* Release */,
			);
			defaultConfigurationIsVisible = 0;
			defaultConfigurationName = Release;
		};
/* End XCConfigurationList section */
	};
	rootObject = 84DE3D0E2942192E00199C48 /* Project object */;
}
